
Microsoft Visual Studio Solution File, Format Version 12.00
# Visual Studio Version 17
VisualStudioVersion = 17.14.36301.6
MinimumVisualStudioVersion = 10.0.40219.1
Project("{FAE04EC0-301F-11D3-BF4B-00C04F79EFBC}") = "Lab1_65_Lapko.UI", "Lab1_65_Lapko.UI\Lab1_65_Lapko.UI.csproj", "{B2C3D4E5-F6A7-8901-BCDE-F12345678901}"
EndProject
Project("{FAE04EC0-301F-11D3-BF4B-00C04F79EFBC}") = "Lab1_65_Lapko.Services", "Lab1_65_Lapko.Services\Lab1_65_Lapko.Services.csproj", "{176BC7AD-21CF-4062-BFB0-6DEDB1A6AD50}"
EndProject
Project("{FAE04EC0-301F-11D3-BF4B-00C04F79EFBC}") = "Lab1_65_Lapko.Repositories", "Lab1_65_Lapko.Repositories\Lab1_65_Lapko.Repositories.csproj", "{C80F4367-923C-457A-8585-BF3ED275D73E}"
EndProject
Global
	GlobalSection(SolutionConfigurationPlatforms) = preSolution
		Debug|Any CPU = Debug|Any CPU
		Debug|x64 = Debug|x64
		Debug|x86 = Debug|x86
		Release|Any CPU = Release|Any CPU
		Release|x64 = Release|x64
		Release|x86 = Release|x86
	EndGlobalSection
	GlobalSection(ProjectConfigurationPlatforms) = postSolution
		{B2C3D4E5-F6A7-8901-BCDE-F12345678901}.Debug|Any CPU.ActiveCfg = Debug|Any CPU
		{B2C3D4E5-F6A7-8901-BCDE-F12345678901}.Debug|Any CPU.Build.0 = Debug|Any CPU
		{B2C3D4E5-F6A7-8901-BCDE-F12345678901}.Debug|x64.ActiveCfg = Debug|Any CPU
		{B2C3D4E5-F6A7-8901-BCDE-F12345678901}.Debug|x64.Build.0 = Debug|Any CPU
		{B2C3D4E5-F6A7-8901-BCDE-F12345678901}.Debug|x86.ActiveCfg = Debug|Any CPU
		{B2C3D4E5-F6A7-8901-BCDE-F12345678901}.Debug|x86.Build.0 = Debug|Any CPU
		{B2C3D4E5-F6A7-8901-BCDE-F12345678901}.Release|Any CPU.ActiveCfg = Release|Any CPU
		{B2C3D4E5-F6A7-8901-BCDE-F12345678901}.Release|Any CPU.Build.0 = Release|Any CPU
		{B2C3D4E5-F6A7-8901-BCDE-F12345678901}.Release|x64.ActiveCfg = Release|Any CPU
		{B2C3D4E5-F6A7-8901-BCDE-F12345678901}.Release|x64.Build.0 = Release|Any CPU
		{B2C3D4E5-F6A7-8901-BCDE-F12345678901}.Release|x86.ActiveCfg = Release|Any CPU
		{B2C3D4E5-F6A7-8901-BCDE-F12345678901}.Release|x86.Build.0 = Release|Any CPU
		{176BC7AD-21CF-4062-BFB0-6DEDB1A6AD50}.Debug|Any CPU.ActiveCfg = Debug|Any CPU
		{176BC7AD-21CF-4062-BFB0-6DEDB1A6AD50}.Debug|Any CPU.Build.0 = Debug|Any CPU
		{176BC7AD-21CF-4062-BFB0-6DEDB1A6AD50}.Debug|x64.ActiveCfg = Debug|Any CPU
		{176BC7AD-21CF-4062-BFB0-6DEDB1A6AD50}.Debug|x64.Build.0 = Debug|Any CPU
		{176BC7AD-21CF-4062-BFB0-6DEDB1A6AD50}.Debug|x86.ActiveCfg = Debug|Any CPU
		{176BC7AD-21CF-4062-BFB0-6DEDB1A6AD50}.Debug|x86.Build.0 = Debug|Any CPU
		{176BC7AD-21CF-4062-BFB0-6DEDB1A6AD50}.Release|Any CPU.ActiveCfg = Release|Any CPU
		{176BC7AD-21CF-4062-BFB0-6DEDB1A6AD50}.Release|Any CPU.Build.0 = Release|Any CPU
		{176BC7AD-21CF-4062-BFB0-6DEDB1A6AD50}.Release|x64.ActiveCfg = Release|Any CPU
		{176BC7AD-21CF-4062-BFB0-6DEDB1A6AD50}.Release|x64.Build.0 = Release|Any CPU
		{176BC7AD-21CF-4062-BFB0-6DEDB1A6AD50}.Release|x86.ActiveCfg = Release|Any CPU
		{176BC7AD-21CF-4062-BFB0-6DEDB1A6AD50}.Release|x86.Build.0 = Release|Any CPU
		{C80F4367-923C-457A-8585-BF3ED275D73E}.Debug|Any CPU.ActiveCfg = Debug|Any CPU
		{C80F4367-923C-457A-8585-BF3ED275D73E}.Debug|Any CPU.Build.0 = Debug|Any CPU
		{C80F4367-923C-457A-8585-BF3ED275D73E}.Debug|x64.ActiveCfg = Debug|Any CPU
		{C80F4367-923C-457A-8585-BF3ED275D73E}.Debug|x64.Build.0 = Debug|Any CPU
		{C80F4367-923C-457A-8585-BF3ED275D73E}.Debug|x86.ActiveCfg = Debug|Any CPU
		{C80F4367-923C-457A-8585-BF3ED275D73E}.Debug|x86.Build.0 = Debug|Any CPU
		{C80F4367-923C-457A-8585-BF3ED275D73E}.Release|Any CPU.ActiveCfg = Release|Any CPU
		{C80F4367-923C-457A-8585-BF3ED275D73E}.Release|Any CPU.Build.0 = Release|Any CPU
		{C80F4367-923C-457A-8585-BF3ED275D73E}.Release|x64.ActiveCfg = Release|Any CPU
		{C80F4367-923C-457A-8585-BF3ED275D73E}.Release|x64.Build.0 = Release|Any CPU
		{C80F4367-923C-457A-8585-BF3ED275D73E}.Release|x86.ActiveCfg = Release|Any CPU
		{C80F4367-923C-457A-8585-BF3ED275D73E}.Release|x86.Build.0 = Release|Any CPU
	EndGlobalSection
	GlobalSection(SolutionProperties) = preSolution
		HideSolutionNode = FALSE
	EndGlobalSection
	GlobalSection(ExtensibilityGlobals) = postSolution
		SolutionGuid = {579A894D-7D74-4386-87A1-B54BF3BF2375}
	EndGlobalSection
EndGlobal
